// !$*UTF8*$!
{
	archiveVersion = 1;
	classes = {
	};
	objectVersion = 56;
	objects = {

/* Begin PBXBuildFile section */
		717C36A32B351D8700175F88 /* LogoBuddyApp.swift in Sources */ = {isa = PBXBuildFile; fileRef = 717C36A22B351D8700175F88 /* LogoBuddyApp.swift */; };
		717C36A52B351D8700175F88 /* ContentView.swift in Sources */ = {isa = PBXBuildFile; fileRef = 717C36A42B351D8700175F88 /* ContentView.swift */; };
		717C36A72B351D8700175F88 /* Assets.xcassets in Resources */ = {isa = PBXBuildFile; fileRef = 717C36A62B351D8700175F88 /* Assets.xcassets */; };
		717C36AA2B351D8700175F88 /* Preview Assets.xcassets in Resources */ = {isa = PBXBuildFile; fileRef = 717C36A92B351D8700175F88 /* Preview Assets.xcassets */; };
		717C36B32B35296300175F88 /* LogoDataService.swift in Sources */ = {isa = PBXBuildFile; fileRef = 717C36B22B35296300175F88 /* LogoDataService.swift */; };
		717C36B72B3529F600175F88 /* Response.swift in Sources */ = {isa = PBXBuildFile; fileRef = 717C36B62B3529F600175F88 /* Response.swift */; };
		717C36B92B35309400175F88 /* ImageAPIError.swift in Sources */ = {isa = PBXBuildFile; fileRef = 717C36B82B35309400175F88 /* ImageAPIError.swift */; };
		717C36BB2B35318D00175F88 /* HTTPDataDownloader.swift in Sources */ = {isa = PBXBuildFile; fileRef = 717C36BA2B35318D00175F88 /* HTTPDataDownloader.swift */; };
		719A597C2B35365100E0524F /* LogoBuddyTests.swift in Sources */ = {isa = PBXBuildFile; fileRef = 719A597B2B35365100E0524F /* LogoBuddyTests.swift */; };
		719A59832B35386100E0524F /* MockDataService.swift in Sources */ = {isa = PBXBuildFile; fileRef = 719A59822B35386100E0524F /* MockDataService.swift */; };
		719A59852B3538CC00E0524F /* TestData.swift in Sources */ = {isa = PBXBuildFile; fileRef = 719A59842B3538CC00E0524F /* TestData.swift */; };
		719A59862B3539D300E0524F /* TestData.swift in Sources */ = {isa = PBXBuildFile; fileRef = 719A59842B3538CC00E0524F /* TestData.swift */; };
/* End PBXBuildFile section */

/* Begin PBXContainerItemProxy section */
		719A597D2B35365100E0524F /* PBXContainerItemProxy */ = {
			isa = PBXContainerItemProxy;
			containerPortal = 717C36972B351D8700175F88 /* Project object */;
			proxyType = 1;
			remoteGlobalIDString = 717C369E2B351D8700175F88;
			remoteInfo = LogoBuddy;
		};
/* End PBXContainerItemProxy section */

/* Begin PBXFileReference section */
		717C369F2B351D8700175F88 /* LogoBuddy.app */ = {isa = PBXFileReference; explicitFileType = wrapper.application; includeInIndex = 0; path = LogoBuddy.app; sourceTree = BUILT_PRODUCTS_DIR; };
		717C36A22B351D8700175F88 /* LogoBuddyApp.swift */ = {isa = PBXFileReference; lastKnownFileType = sourcecode.swift; path = LogoBuddyApp.swift; sourceTree = "<group>"; };
		717C36A42B351D8700175F88 /* ContentView.swift */ = {isa = PBXFileReference; lastKnownFileType = sourcecode.swift; path = ContentView.swift; sourceTree = "<group>"; };
		717C36A62B351D8700175F88 /* Assets.xcassets */ = {isa = PBXFileReference; lastKnownFileType = folder.assetcatalog; path = Assets.xcassets; sourceTree = "<group>"; };
		717C36A92B351D8700175F88 /* Preview Assets.xcassets */ = {isa = PBXFileReference; lastKnownFileType = folder.assetcatalog; path = "Preview Assets.xcassets"; sourceTree = "<group>"; };
		717C36B02B351D9800175F88 /* Config.xcconfig */ = {isa = PBXFileReference; lastKnownFileType = text.xcconfig; path = Config.xcconfig; sourceTree = "<group>"; };
		717C36B12B351EFD00175F88 /* Info.plist */ = {isa = PBXFileReference; lastKnownFileType = text.plist; path = Info.plist; sourceTree = "<group>"; };
		717C36B22B35296300175F88 /* LogoDataService.swift */ = {isa = PBXFileReference; lastKnownFileType = sourcecode.swift; path = LogoDataService.swift; sourceTree = "<group>"; };
		717C36B62B3529F600175F88 /* Response.swift */ = {isa = PBXFileReference; lastKnownFileType = sourcecode.swift; path = Response.swift; sourceTree = "<group>"; };
		717C36B82B35309400175F88 /* ImageAPIError.swift */ = {isa = PBXFileReference; lastKnownFileType = sourcecode.swift; path = ImageAPIError.swift; sourceTree = "<group>"; };
		717C36BA2B35318D00175F88 /* HTTPDataDownloader.swift */ = {isa = PBXFileReference; lastKnownFileType = sourcecode.swift; path = HTTPDataDownloader.swift; sourceTree = "<group>"; };
		719A59792B35365100E0524F /* LogoBuddyTests.xctest */ = {isa = PBXFileReference; explicitFileType = wrapper.cfbundle; includeInIndex = 0; path = LogoBuddyTests.xctest; sourceTree = BUILT_PRODUCTS_DIR; };
		719A597B2B35365100E0524F /* LogoBuddyTests.swift */ = {isa = PBXFileReference; lastKnownFileType = sourcecode.swift; path = LogoBuddyTests.swift; sourceTree = "<group>"; };
		719A59822B35386100E0524F /* MockDataService.swift */ = {isa = PBXFileReference; lastKnownFileType = sourcecode.swift; path = MockDataService.swift; sourceTree = "<group>"; };
		719A59842B3538CC00E0524F /* TestData.swift */ = {isa = PBXFileReference; lastKnownFileType = sourcecode.swift; path = TestData.swift; sourceTree = "<group>"; };
/* End PBXFileReference section */

/* Begin PBXFrameworksBuildPhase section */
		717C369C2B351D8700175F88 /* Frameworks */ = {
			isa = PBXFrameworksBuildPhase;
			buildActionMask = 2147483647;
			files = (
			);
			runOnlyForDeploymentPostprocessing = 0;
		};
		719A59762B35365100E0524F /* Frameworks */ = {
			isa = PBXFrameworksBuildPhase;
			buildActionMask = 2147483647;
			files = (
			);
			runOnlyForDeploymentPostprocessing = 0;
		};
/* End PBXFrameworksBuildPhase section */

/* Begin PBXGroup section */
		717C36962B351D8700175F88 = {
			isa = PBXGroup;
			children = (
				717C36A12B351D8700175F88 /* LogoBuddy */,
				719A597A2B35365100E0524F /* LogoBuddyTests */,
				717C36A02B351D8700175F88 /* Products */,
			);
			sourceTree = "<group>";
		};
		717C36A02B351D8700175F88 /* Products */ = {
			isa = PBXGroup;
			children = (
				717C369F2B351D8700175F88 /* LogoBuddy.app */,
				719A59792B35365100E0524F /* LogoBuddyTests.xctest */,
			);
			name = Products;
			sourceTree = "<group>";
		};
		717C36A12B351D8700175F88 /* LogoBuddy */ = {
			isa = PBXGroup;
			children = (
				717C36BC2B3531B300175F88 /* API */,
				717C36B02B351D9800175F88 /* Config.xcconfig */,
				717C36B12B351EFD00175F88 /* Info.plist */,
				717C36B52B3529DF00175F88 /* Service */,
				717C36B42B3529D200175F88 /* Model */,
				717C36A22B351D8700175F88 /* LogoBuddyApp.swift */,
				717C36A42B351D8700175F88 /* ContentView.swift */,
				717C36A62B351D8700175F88 /* Assets.xcassets */,
				717C36A82B351D8700175F88 /* Preview Content */,
			);
			path = LogoBuddy;
			sourceTree = "<group>";
		};
		717C36A82B351D8700175F88 /* Preview Content */ = {
			isa = PBXGroup;
			children = (
				717C36A92B351D8700175F88 /* Preview Assets.xcassets */,
			);
			path = "Preview Content";
			sourceTree = "<group>";
		};
		717C36B42B3529D200175F88 /* Model */ = {
			isa = PBXGroup;
			children = (
				717C36B62B3529F600175F88 /* Response.swift */,
				717C36B82B35309400175F88 /* ImageAPIError.swift */,
			);
			path = Model;
			sourceTree = "<group>";
		};
		717C36B52B3529DF00175F88 /* Service */ = {
			isa = PBXGroup;
			children = (
				717C36B22B35296300175F88 /* LogoDataService.swift */,
				719A59822B35386100E0524F /* MockDataService.swift */,
			);
			path = Service;
			sourceTree = "<group>";
		};
		717C36BC2B3531B300175F88 /* API */ = {
			isa = PBXGroup;
			children = (
				717C36BA2B35318D00175F88 /* HTTPDataDownloader.swift */,
			);
			path = API;
			sourceTree = "<group>";
		};
		719A597A2B35365100E0524F /* LogoBuddyTests */ = {
			isa = PBXGroup;
			children = (
				719A597B2B35365100E0524F /* LogoBuddyTests.swift */,
				719A59842B3538CC00E0524F /* TestData.swift */,
			);
			path = LogoBuddyTests;
			sourceTree = "<group>";
		};
/* End PBXGroup section */

/* Begin PBXNativeTarget section */
		717C369E2B351D8700175F88 /* LogoBuddy */ = {
			isa = PBXNativeTarget;
			buildConfigurationList = 717C36AD2B351D8700175F88 /* Build configuration list for PBXNativeTarget "LogoBuddy" */;
			buildPhases = (
				717C369B2B351D8700175F88 /* Sources */,
				717C369C2B351D8700175F88 /* Frameworks */,
				717C369D2B351D8700175F88 /* Resources */,
			);
			buildRules = (
			);
			dependencies = (
			);
			name = LogoBuddy;
			productName = LogoBuddy;
			productReference = 717C369F2B351D8700175F88 /* LogoBuddy.app */;
			productType = "com.apple.product-type.application";
		};
		719A59782B35365100E0524F /* LogoBuddyTests */ = {
			isa = PBXNativeTarget;
			buildConfigurationList = 719A59812B35365100E0524F /* Build configuration list for PBXNativeTarget "LogoBuddyTests" */;
			buildPhases = (
				719A59752B35365100E0524F /* Sources */,
				719A59762B35365100E0524F /* Frameworks */,
				719A59772B35365100E0524F /* Resources */,
			);
			buildRules = (
			);
			dependencies = (
				719A597E2B35365100E0524F /* PBXTargetDependency */,
			);
			name = LogoBuddyTests;
			productName = LogoBuddyTests;
			productReference = 719A59792B35365100E0524F /* LogoBuddyTests.xctest */;
			productType = "com.apple.product-type.bundle.unit-test";
		};
/* End PBXNativeTarget section */

/* Begin PBXProject section */
		717C36972B351D8700175F88 /* Project object */ = {
			isa = PBXProject;
			attributes = {
				BuildIndependentTargetsInParallel = 1;
				LastSwiftUpdateCheck = 1500;
				LastUpgradeCheck = 1500;
				TargetAttributes = {
					717C369E2B351D8700175F88 = {
						CreatedOnToolsVersion = 15.0.1;
					};
					719A59782B35365100E0524F = {
						CreatedOnToolsVersion = 15.0.1;
						TestTargetID = 717C369E2B351D8700175F88;
					};
				};
			};
			buildConfigurationList = 717C369A2B351D8700175F88 /* Build configuration list for PBXProject "LogoBuddy" */;
			compatibilityVersion = "Xcode 14.0";
			developmentRegion = en;
			hasScannedForEncodings = 0;
			knownRegions = (
				en,
				Base,
			);
			mainGroup = 717C36962B351D8700175F88;
			productRefGroup = 717C36A02B351D8700175F88 /* Products */;
			projectDirPath = "";
			projectRoot = "";
			targets = (
				717C369E2B351D8700175F88 /* LogoBuddy */,
				719A59782B35365100E0524F /* LogoBuddyTests */,
			);
		};
/* End PBXProject section */

/* Begin PBXResourcesBuildPhase section */
		717C369D2B351D8700175F88 /* Resources */ = {
			isa = PBXResourcesBuildPhase;
			buildActionMask = 2147483647;
			files = (
				717C36AA2B351D8700175F88 /* Preview Assets.xcassets in Resources */,
				717C36A72B351D8700175F88 /* Assets.xcassets in Resources */,
			);
			runOnlyForDeploymentPostprocessing = 0;
		};
		719A59772B35365100E0524F /* Resources */ = {
			isa = PBXResourcesBuildPhase;
			buildActionMask = 2147483647;
			files = (
			);
			runOnlyForDeploymentPostprocessing = 0;
		};
/* End PBXResourcesBuildPhase section */

/* Begin PBXSourcesBuildPhase section */
		717C369B2B351D8700175F88 /* Sources */ = {
			isa = PBXSourcesBuildPhase;
			buildActionMask = 2147483647;
			files = (
				717C36B72B3529F600175F88 /* Response.swift in Sources */,
				717C36B32B35296300175F88 /* LogoDataService.swift in Sources */,
				717C36B92B35309400175F88 /* ImageAPIError.swift in Sources */,
				719A59862B3539D300E0524F /* TestData.swift in Sources */,
				717C36A52B351D8700175F88 /* ContentView.swift in Sources */,
				717C36BB2B35318D00175F88 /* HTTPDataDownloader.swift in Sources */,
				719A59832B35386100E0524F /* MockDataService.swift in Sources */,
				717C36A32B351D8700175F88 /* LogoBuddyApp.swift in Sources */,
			);
			runOnlyForDeploymentPostprocessing = 0;
		};
		719A59752B35365100E0524F /* Sources */ = {
			isa = PBXSourcesBuildPhase;
			buildActionMask = 2147483647;
			files = (
				719A597C2B35365100E0524F /* LogoBuddyTests.swift in Sources */,
				719A59852B3538CC00E0524F /* TestData.swift in Sources */,
			);
			runOnlyForDeploymentPostprocessing = 0;
		};
/* End PBXSourcesBuildPhase section */

/* Begin PBXTargetDependency section */
		719A597E2B35365100E0524F /* PBXTargetDependency */ = {
			isa = PBXTargetDependency;
			target = 717C369E2B351D8700175F88 /* LogoBuddy */;
			targetProxy = 719A597D2B35365100E0524F /* PBXContainerItemProxy */;
		};
/* End PBXTargetDependency section */

/* Begin XCBuildConfiguration section */
		717C36AB2B351D8700175F88 /* Debug */ = {
			isa = XCBuildConfiguration;
			baseConfigurationReference = 717C36B02B351D9800175F88 /* Config.xcconfig */;
			buildSettings = {
				ALWAYS_SEARCH_USER_PATHS = NO;
				ASSETCATALOG_COMPILER_GENERATE_SWIFT_ASSET_SYMBOL_EXTENSIONS = YES;
				CLANG_ANALYZER_NONNULL = YES;
				CLANG_ANALYZER_NUMBER_OBJECT_CONVERSION = YES_AGGRESSIVE;
				CLANG_CXX_LANGUAGE_STANDARD = "gnu++20";
				CLANG_ENABLE_MODULES = YES;
				CLANG_ENABLE_OBJC_ARC = YES;
				CLANG_ENABLE_OBJC_WEAK = YES;
				CLANG_WARN_BLOCK_CAPTURE_AUTORELEASING = YES;
				CLANG_WARN_BOOL_CONVERSION = YES;
				CLANG_WARN_COMMA = YES;
				CLANG_WARN_CONSTANT_CONVERSION = YES;
				CLANG_WARN_DEPRECATED_OBJC_IMPLEMENTATIONS = YES;
				CLANG_WARN_DIRECT_OBJC_ISA_USAGE = YES_ERROR;
				CLANG_WARN_DOCUMENTATION_COMMENTS = YES;
				CLANG_WARN_EMPTY_BODY = YES;
				CLANG_WARN_ENUM_CONVERSION = YES;
				CLANG_WARN_INFINITE_RECURSION = YES;
				CLANG_WARN_INT_CONVERSION = YES;
				CLANG_WARN_NON_LITERAL_NULL_CONVERSION = YES;
				CLANG_WARN_OBJC_IMPLICIT_RETAIN_SELF = YES;
				CLANG_WARN_OBJC_LITERAL_CONVERSION = YES;
				CLANG_WARN_OBJC_ROOT_CLASS = YES_ERROR;
				CLANG_WARN_QUOTED_INCLUDE_IN_FRAMEWORK_HEADER = YES;
				CLANG_WARN_RANGE_LOOP_ANALYSIS = YES;
				CLANG_WARN_STRICT_PROTOTYPES = YES;
				CLANG_WARN_SUSPICIOUS_MOVE = YES;
				CLANG_WARN_UNGUARDED_AVAILABILITY = YES_AGGRESSIVE;
				CLANG_WARN_UNREACHABLE_CODE = YES;
				CLANG_WARN__DUPLICATE_METHOD_MATCH = YES;
				COPY_PHASE_STRIP = NO;
				DEBUG_INFORMATION_FORMAT = dwarf;
				ENABLE_STRICT_OBJC_MSGSEND = YES;
				ENABLE_TESTABILITY = YES;
				ENABLE_USER_SCRIPT_SANDBOXING = YES;
				GCC_C_LANGUAGE_STANDARD = gnu17;
				GCC_DYNAMIC_NO_PIC = NO;
				GCC_NO_COMMON_BLOCKS = YES;
				GCC_OPTIMIZATION_LEVEL = 0;
				GCC_PREPROCESSOR_DEFINITIONS = (
					"DEBUG=1",
					"$(inherited)",
				);
				GCC_WARN_64_TO_32_BIT_CONVERSION = YES;
				GCC_WARN_ABOUT_RETURN_TYPE = YES_ERROR;
				GCC_WARN_UNDECLARED_SELECTOR = YES;
				GCC_WARN_UNINITIALIZED_AUTOS = YES_AGGRESSIVE;
				GCC_WARN_UNUSED_FUNCTION = YES;
				GCC_WARN_UNUSED_VARIABLE = YES;
				IPHONEOS_DEPLOYMENT_TARGET = 17.0;
				LOCALIZATION_PREFERS_STRING_CATALOGS = YES;
				MTL_ENABLE_DEBUG_INFO = INCLUDE_SOURCE;
				MTL_FAST_MATH = YES;
				ONLY_ACTIVE_ARCH = YES;
				SDKROOT = iphoneos;
				SWIFT_ACTIVE_COMPILATION_CONDITIONS = "DEBUG $(inherited)";
				SWIFT_OPTIMIZATION_LEVEL = "-Onone";
			};
			name = Debug;
		};
		717C36AC2B351D8700175F88 /* Release */ = {
			isa = XCBuildConfiguration;
			baseConfigurationReference = 717C36B02B351D9800175F88 /* Config.xcconfig */;
			buildSettings = {
				ALWAYS_SEARCH_USER_PATHS = NO;
				ASSETCATALOG_COMPILER_GENERATE_SWIFT_ASSET_SYMBOL_EXTENSIONS = YES;
				CLANG_ANALYZER_NONNULL = YES;
				CLANG_ANALYZER_NUMBER_OBJECT_CONVERSION = YES_AGGRESSIVE;
				CLANG_CXX_LANGUAGE_STANDARD = "gnu++20";
				CLANG_ENABLE_MODULES = YES;
				CLANG_ENABLE_OBJC_ARC = YES;
				CLANG_ENABLE_OBJC_WEAK = YES;
				CLANG_WARN_BLOCK_CAPTURE_AUTORELEASING = YES;
				CLANG_WARN_BOOL_CONVERSION = YES;
				CLANG_WARN_COMMA = YES;
				CLANG_WARN_CONSTANT_CONVERSION = YES;
				CLANG_WARN_DEPRECATED_OBJC_IMPLEMENTATIONS = YES;
				CLANG_WARN_DIRECT_OBJC_ISA_USAGE = YES_ERROR;
				CLANG_WARN_DOCUMENTATION_COMMENTS = YES;
				CLANG_WARN_EMPTY_BODY = YES;
				CLANG_WARN_ENUM_CONVERSION = YES;
				CLANG_WARN_INFINITE_RECURSION = YES;
				CLANG_WARN_INT_CONVERSION = YES;
				CLANG_WARN_NON_LITERAL_NULL_CONVERSION = YES;
				CLANG_WARN_OBJC_IMPLICIT_RETAIN_SELF = YES;
				CLANG_WARN_OBJC_LITERAL_CONVERSION = YES;
				CLANG_WARN_OBJC_ROOT_CLASS = YES_ERROR;
				CLANG_WARN_QUOTED_INCLUDE_IN_FRAMEWORK_HEADER = YES;
				CLANG_WARN_RANGE_LOOP_ANALYSIS = YES;
				CLANG_WARN_STRICT_PROTOTYPES = YES;
				CLANG_WARN_SUSPICIOUS_MOVE = YES;
				CLANG_WARN_UNGUARDED_AVAILABILITY = YES_AGGRESSIVE;
				CLANG_WARN_UNREACHABLE_CODE = YES;
				CLANG_WARN__DUPLICATE_METHOD_MATCH = YES;
				COPY_PHASE_STRIP = NO;
				DEBUG_INFORMATION_FORMAT = "dwarf-with-dsym";
				ENABLE_NS_ASSERTIONS = NO;
				ENABLE_STRICT_OBJC_MSGSEND = YES;
				ENABLE_USER_SCRIPT_SANDBOXING = YES;
				GCC_C_LANGUAGE_STANDARD = gnu17;
				GCC_NO_COMMON_BLOCKS = YES;
				GCC_WARN_64_TO_32_BIT_CONVERSION = YES;
				GCC_WARN_ABOUT_RETURN_TYPE = YES_ERROR;
				GCC_WARN_UNDECLARED_SELECTOR = YES;
				GCC_WARN_UNINITIALIZED_AUTOS = YES_AGGRESSIVE;
				GCC_WARN_UNUSED_FUNCTION = YES;
				GCC_WARN_UNUSED_VARIABLE = YES;
				IPHONEOS_DEPLOYMENT_TARGET = 17.0;
				LOCALIZATION_PREFERS_STRING_CATALOGS = YES;
				MTL_ENABLE_DEBUG_INFO = NO;
				MTL_FAST_MATH = YES;
				SDKROOT = iphoneos;
				SWIFT_COMPILATION_MODE = wholemodule;
				VALIDATE_PRODUCT = YES;
			};
			name = Release;
		};
		717C36AE2B351D8700175F88 /* Debug */ = {
			isa = XCBuildConfiguration;
			buildSettings = {
				ASSETCATALOG_COMPILER_APPICON_NAME = AppIcon;
				ASSETCATALOG_COMPILER_GLOBAL_ACCENT_COLOR_NAME = AccentColor;
				CODE_SIGN_STYLE = Automatic;
				CURRENT_PROJECT_VERSION = 1;
				DEVELOPMENT_ASSET_PATHS = "\"LogoBuddy/Preview Content\"";
				DEVELOPMENT_TEAM = 7VM5MRXF6F;
				ENABLE_PREVIEWS = YES;
				GENERATE_INFOPLIST_FILE = YES;
				INFOPLIST_FILE = LogoBuddy/Info.plist;
				INFOPLIST_KEY_UIApplicationSceneManifest_Generation = YES;
				INFOPLIST_KEY_UIApplicationSupportsIndirectInputEvents = YES;
				INFOPLIST_KEY_UILaunchScreen_Generation = YES;
				INFOPLIST_KEY_UISupportedInterfaceOrientations_iPad = "UIInterfaceOrientationPortrait UIInterfaceOrientationPortraitUpsideDown UIInterfaceOrientationLandscapeLeft UIInterfaceOrientationLandscapeRight";
				INFOPLIST_KEY_UISupportedInterfaceOrientations_iPhone = "UIInterfaceOrientationPortrait UIInterfaceOrientationLandscapeLeft UIInterfaceOrientationLandscapeRight";
				LD_RUNPATH_SEARCH_PATHS = (
					"$(inherited)",
					"@executable_path/Frameworks",
				);
				MARKETING_VERSION = 1.0;
				PRODUCT_BUNDLE_IDENTIFIER = dev.danilelelewis.LogoBuddy;
				PRODUCT_NAME = "$(TARGET_NAME)";
				SWIFT_EMIT_LOC_STRINGS = YES;
				SWIFT_VERSION = 5.0;
				TARGETED_DEVICE_FAMILY = "1,2";
			};
			name = Debug;
		};
		717C36AF2B351D8700175F88 /* Release */ = {
			isa = XCBuildConfiguration;
			buildSettings = {
				ASSETCATALOG_COMPILER_APPICON_NAME = AppIcon;
				ASSETCATALOG_COMPILER_GLOBAL_ACCENT_COLOR_NAME = AccentColor;
				CODE_SIGN_STYLE = Automatic;
				CURRENT_PROJECT_VERSION = 1;
				DEVELOPMENT_ASSET_PATHS = "\"LogoBuddy/Preview Content\"";
				DEVELOPMENT_TEAM = 7VM5MRXF6F;
				ENABLE_PREVIEWS = YES;
				GENERATE_INFOPLIST_FILE = YES;
				INFOPLIST_FILE = LogoBuddy/Info.plist;
				INFOPLIST_KEY_UIApplicationSceneManifest_Generation = YES;
				INFOPLIST_KEY_UIApplicationSupportsIndirectInputEvents = YES;
				INFOPLIST_KEY_UILaunchScreen_Generation = YES;
				INFOPLIST_KEY_UISupportedInterfaceOrientations_iPad = "UIInterfaceOrientationPortrait UIInterfaceOrientationPortraitUpsideDown UIInterfaceOrientationLandscapeLeft UIInterfaceOrientationLandscapeRight";
				INFOPLIST_KEY_UISupportedInterfaceOrientations_iPhone = "UIInterfaceOrientationPortrait UIInterfaceOrientationLandscapeLeft UIInterfaceOrientationLandscapeRight";
				LD_RUNPATH_SEARCH_PATHS = (
					"$(inherited)",
					"@executable_path/Frameworks",
				);
				MARKETING_VERSION = 1.0;
				PRODUCT_BUNDLE_IDENTIFIER = dev.danilelelewis.LogoBuddy;
				PRODUCT_NAME = "$(TARGET_NAME)";
				SWIFT_EMIT_LOC_STRINGS = YES;
				SWIFT_VERSION = 5.0;
				TARGETED_DEVICE_FAMILY = "1,2";
			};
			name = Release;
		};
		719A597F2B35365100E0524F /* Debug */ = {
			isa = XCBuildConfiguration;
			buildSettings = {
				BUNDLE_LOADER = "$(TEST_HOST)";
				CODE_SIGN_STYLE = Automatic;
				CURRENT_PROJECT_VERSION = 1;
				DEVELOPMENT_TEAM = 7VM5MRXF6F;
				GENERATE_INFOPLIST_FILE = YES;
				MARKETING_VERSION = 1.0;
				PRODUCT_BUNDLE_IDENTIFIER = dev.danilelelewis.LogoBuddyTests;
				PRODUCT_NAME = "$(TARGET_NAME)";
				SWIFT_EMIT_LOC_STRINGS = NO;
				SWIFT_VERSION = 5.0;
				TARGETED_DEVICE_FAMILY = "1,2";
				TEST_HOST = "$(BUILT_PRODUCTS_DIR)/LogoBuddy.app/$(BUNDLE_EXECUTABLE_FOLDER_PATH)/LogoBuddy";
			};
			name = Debug;
		};
		719A59802B35365100E0524F /* Release */ = {
			isa = XCBuildConfiguration;
			buildSettings = {
				BUNDLE_LOADER = "$(TEST_HOST)";
				CODE_SIGN_STYLE = Automatic;
				CURRENT_PROJECT_VERSION = 1;
				DEVELOPMENT_TEAM = 7VM5MRXF6F;
				GENERATE_INFOPLIST_FILE = YES;
				MARKETING_VERSION = 1.0;
				PRODUCT_BUNDLE_IDENTIFIER = dev.danilelelewis.LogoBuddyTests;
				PRODUCT_NAME = "$(TARGET_NAME)";
				SWIFT_EMIT_LOC_STRINGS = NO;
				SWIFT_VERSION = 5.0;
				TARGETED_DEVICE_FAMILY = "1,2";
				TEST_HOST = "$(BUILT_PRODUCTS_DIR)/LogoBuddy.app/$(BUNDLE_EXECUTABLE_FOLDER_PATH)/LogoBuddy";
			};
			name = Release;
		};
/* End XCBuildConfiguration section */

/* Begin XCConfigurationList section */
		717C369A2B351D8700175F88 /* Build configuration list for PBXProject "LogoBuddy" */ = {
			isa = XCConfigurationList;
			buildConfigurations = (
				717C36AB2B351D8700175F88 /* Debug */,
				717C36AC2B351D8700175F88 /* Release */,
			);
			defaultConfigurationIsVisible = 0;
			defaultConfigurationName = Release;
		};
		717C36AD2B351D8700175F88 /* Build configuration list for PBXNativeTarget "LogoBuddy" */ = {
			isa = XCConfigurationList;
			buildConfigurations = (
				717C36AE2B351D8700175F88 /* Debug */,
				717C36AF2B351D8700175F88 /* Release */,
			);
			defaultConfigurationIsVisible = 0;
			defaultConfigurationName = Release;
		};
		719A59812B35365100E0524F /* Build configuration list for PBXNativeTarget "LogoBuddyTests" */ = {
			isa = XCConfigurationList;
			buildConfigurations = (
				719A597F2B35365100E0524F /* Debug */,
				719A59802B35365100E0524F /* Release */,
			);
			defaultConfigurationIsVisible = 0;
			defaultConfigurationName = Release;
		};
/* End XCConfigurationList section */
	};
	rootObject = 717C36972B351D8700175F88 /* Project object */;
}
